{
  "name": "playcanvas-csp-replacer",
  "version": "1.0.0",
  "lockfileVersion": 1,
  "requires": true,
  "dependencies": {
    "adm-zip": {
      "version": "0.4.14",
      "resolved": "https://registry.npmjs.org/adm-zip/-/adm-zip-0.4.14.tgz",
      "integrity": "sha512-/9aQCnQHF+0IiCl0qhXoK7qs//SwYE7zX8lsr/DNk1BRAHYxeLZPL4pguwK29gUEqasYQjqPtEpDRSWEkdHn9g=="
    },
    "dotenv": {
      "version": "8.2.0",
      "resolved": "https://registry.npmjs.org/dotenv/-/dotenv-8.2.0.tgz",
      "integrity": "sha512-8sJ78ElpbDJBHNeBzUbUVLsqKdccaa/BXF1uPTw3GrvQTBgrQrtObr2mUrE38vzYd8cEv+m/JBfDLioYcfXoaw=="
    },
    "node-fetch": {
      "version": "2.6.0",
      "resolved": "https://registry.npmjs.org/node-fetch/-/node-fetch-2.6.0.tgz",
      "integrity": "sha512-8dG4H5ujfvFiqDmVu9fQ5bOHUC15JMjMY/Zumv26oOvvVJjM67KF8koCWIabKQ1GJIa9r2mMZscBq/TbdOcmNA=="
    }
  }
}
