{
  "name": "lz4-browsify",
  "version": "1.0.0",
  "lockfileVersion": 3,
  "requires": true,
  "packages": {
    "": {
      "name": "lz4-browsify",
      "version": "1.0.0",
      "license": "MIT",
      "dependencies": {
        "lz4js": "^0.2.0"
      }
    },
    "node_modules/lz4js": {
      "version": "0.2.0",
      "resolved": "https://registry.npmjs.org/lz4js/-/lz4js-0.2.0.tgz",
      "integrity": "sha512-gY2Ia9Lm7Ep8qMiuGRhvUq0Q7qUereeldZPP1PMEJxPtEWHJLqw9pgX68oHajBH0nzJK4MaZEA/YNV3jT8u8Bg=="
    }
  }
}
